
Microsoft Visual Studio Solution File, Format Version 12.00
# Visual Studio Version 16
VisualStudioVersion = 16.0.30406.169
MinimumVisualStudioVersion = 10.0.40219.1
Project("{8BC9CEB8-8B4A-11D0-8D11-00A0C91BC942}") = "Test3", "Test3.vcxproj", "{982F77FD-94B1-4FBF-BA1B-CE0B04F81DE0}"
EndProject
Global
	GlobalSection(SolutionConfigurationPlatforms) = preSolution
		Debug|x64 = Debug|x64
		Debug|x86 = Debug|x86
		Release|x64 = Release|x64
		Release|x86 = Release|x86
	EndGlobalSection
	GlobalSection(ProjectConfigurationPlatforms) = postSolution
		{982F77FD-94B1-4FBF-BA1B-CE0B04F81DE0}.Debug|x64.ActiveCfg = Debug|x64
		{982F77FD-94B1-4FBF-BA1B-CE0B04F81DE0}.Debug|x64.Build.0 = Debug|x64
		{982F77FD-94B1-4FBF-BA1B-CE0B04F81DE0}.Debug|x86.ActiveCfg = Debug|Win32
		{982F77FD-94B1-4FBF-BA1B-CE0B04F81DE0}.Debug|x86.Build.0 = Debug|Win32
		{982F77FD-94B1-4FBF-BA1B-CE0B04F81DE0}.Release|x64.ActiveCfg = Release|x64
		{982F77FD-94B1-4FBF-BA1B-CE0B04F81DE0}.Release|x64.Build.0 = Release|x64
		{982F77FD-94B1-4FBF-BA1B-CE0B04F81DE0}.Release|x86.ActiveCfg = Release|Win32
		{982F77FD-94B1-4FBF-BA1B-CE0B04F81DE0}.Release|x86.Build.0 = Release|Win32
	EndGlobalSection
	GlobalSection(SolutionProperties) = preSolution
		HideSolutionNode = FALSE
	EndGlobalSection
	GlobalSection(ExtensibilityGlobals) = postSolution
		SolutionGuid = {82DF4D4E-30AE-419A-9C30-69282394A92A}
	EndGlobalSection
EndGlobal
