
Microsoft Visual Studio Solution File, Format Version 12.00
# Visual Studio Version 16
VisualStudioVersion = 16.0.30907.101
MinimumVisualStudioVersion = 10.0.40219.1
Project("{8BC9CEB8-8B4A-11D0-8D11-00A0C91BC942}") = "Blackjack", "Blackjack\Blackjack.vcxproj", "{D5A6527B-99EE-428A-B128-F0BFB3562BB3}"
EndProject
Global
	GlobalSection(SolutionConfigurationPlatforms) = preSolution
		Debug|x64 = Debug|x64
		Debug|x86 = Debug|x86
		Release|x64 = Release|x64
		Release|x86 = Release|x86
	EndGlobalSection
	GlobalSection(ProjectConfigurationPlatforms) = postSolution
		{D5A6527B-99EE-428A-B128-F0BFB3562BB3}.Debug|x64.ActiveCfg = Debug|x64
		{D5A6527B-99EE-428A-B128-F0BFB3562BB3}.Debug|x64.Build.0 = Debug|x64
		{D5A6527B-99EE-428A-B128-F0BFB3562BB3}.Debug|x86.ActiveCfg = Debug|Win32
		{D5A6527B-99EE-428A-B128-F0BFB3562BB3}.Debug|x86.Build.0 = Debug|Win32
		{D5A6527B-99EE-428A-B128-F0BFB3562BB3}.Release|x64.ActiveCfg = Release|x64
		{D5A6527B-99EE-428A-B128-F0BFB3562BB3}.Release|x64.Build.0 = Release|x64
		{D5A6527B-99EE-428A-B128-F0BFB3562BB3}.Release|x86.ActiveCfg = Release|Win32
		{D5A6527B-99EE-428A-B128-F0BFB3562BB3}.Release|x86.Build.0 = Release|Win32
	EndGlobalSection
	GlobalSection(SolutionProperties) = preSolution
		HideSolutionNode = FALSE
	EndGlobalSection
	GlobalSection(ExtensibilityGlobals) = postSolution
		SolutionGuid = {4C5BB9A6-BDD1-419D-AC98-74E7274FC92E}
	EndGlobalSection
EndGlobal
